github.com/adolphlwq/tt v0.0.0-20190113064029-668c85d1c130 h1:ryzOzDWZLfH/PjDyFNWUM5sb/JssVZXZC8hqZPF8udE=
github.com/adolphlwq/tt v0.0.0-20190113064029-668c85d1c130/go.mod h1:mVLfqeqXMMKZom+xrJyK85o7H6bbUt+HPNFbdy2b3oU=
github.com/google/go-github v3.0.1-0.20170309002606-553fda401c08+incompatible h1:uBVYibZklade/5/tYxfiqVmzVL3XgdkFf4VUnBCjcZE=
github.com/google/go-github v3.0.1-0.20170309002606-553fda401c08+incompatible/go.mod h1:zLgOLi98H3fifZn+44m+umXrS52loVEgC2AApnigrVQ=
github.com/google/go-querystring v0.0.0-20170111101155-53e6ce116135 h1:zLTLjkaOFEFIOxY5BWLFLwh+cL8vOBW4XJ2aqLE/Tf0=
github.com/google/go-querystring v0.0.0-20170111101155-53e6ce116135/go.mod h1:odCYkC5MyYFN7vkCjXpyrEuKhc/BUO6wN/zVPAxq5ck=
github.com/inconshreveable/mousetrap v1.0.0 h1:Z8tu5sraLXCXIcARxBp/8cbvlwVa7Z1NHg9XEKhtSvM=
github.com/inconshreveable/mousetrap v1.0.0/go.mod h1:PxqpIevigyE2G7u3NXJIT2ANytuPF1OarO4DADm73n8=
github.com/spf13/cobra v0.0.0-20170223131251-92ea23a837e6 h1:0knRPzsEUou4qGYR1wBHaMZt+/Dl0w3+hm4x/rBIiEU=
github.com/spf13/cobra v0.0.0-20170223131251-92ea23a837e6/go.mod h1:1l0Ry5zgKvJasoi3XT1TypsSe7PqH0Sj9dhYf7v3XqQ=
github.com/spf13/pflag v0.0.0-20170130214245-9ff6c6923cff h1:VARhShG49tiji6mdRNp7JTNDtJ0FhuprF93GBQ37xGU=
github.com/spf13/pflag v0.0.0-20170130214245-9ff6c6923cff/go.mod h1:DYY7MBk1bdzusC3SYhjObp+wFpr4gzcvqqNjLnInEg4=
